
Microsoft Visual Studio Solution File, Format Version 12.00
# Visual Studio Version 17
VisualStudioVersion = 17.8.34330.188
MinimumVisualStudioVersion = 10.0.40219.1
Project("{FAE04EC0-301F-11D3-BF4B-00C04F79EFBC}") = "Teacher_Schedule_Api", "Teacher_Schedule_Api.csproj", "{D71F9330-C4AC-4992-A6E8-CC621C3821EB}"
EndProject
Project("{FAE04EC0-301F-11D3-BF4B-00C04F79EFBC}") = "Teacher_Schedule_UI", "..\Teacher_Schedule_UI\Teacher_Schedule_UI.csproj", "{F97200D6-35CF-4171-ACA7-09ED70EC9D04}"
EndProject
Global
	GlobalSection(SolutionConfigurationPlatforms) = preSolution
		Debug|Any CPU = Debug|Any CPU
		Release|Any CPU = Release|Any CPU
	EndGlobalSection
	GlobalSection(ProjectConfigurationPlatforms) = postSolution
		{D71F9330-C4AC-4992-A6E8-CC621C3821EB}.Debug|Any CPU.ActiveCfg = Debug|Any CPU
		{D71F9330-C4AC-4992-A6E8-CC621C3821EB}.Debug|Any CPU.Build.0 = Debug|Any CPU
		{D71F9330-C4AC-4992-A6E8-CC621C3821EB}.Release|Any CPU.ActiveCfg = Release|Any CPU
		{D71F9330-C4AC-4992-A6E8-CC621C3821EB}.Release|Any CPU.Build.0 = Release|Any CPU
		{F97200D6-35CF-4171-ACA7-09ED70EC9D04}.Debug|Any CPU.ActiveCfg = Debug|Any CPU
		{F97200D6-35CF-4171-ACA7-09ED70EC9D04}.Debug|Any CPU.Build.0 = Debug|Any CPU
		{F97200D6-35CF-4171-ACA7-09ED70EC9D04}.Release|Any CPU.ActiveCfg = Release|Any CPU
		{F97200D6-35CF-4171-ACA7-09ED70EC9D04}.Release|Any CPU.Build.0 = Release|Any CPU
	EndGlobalSection
	GlobalSection(SolutionProperties) = preSolution
		HideSolutionNode = FALSE
	EndGlobalSection
	GlobalSection(ExtensibilityGlobals) = postSolution
		SolutionGuid = {3CA5DD73-97A2-4B03-9FFD-75C27DED0243}
	EndGlobalSection
EndGlobal
